
Microsoft Visual Studio Solution File, Format Version 12.00
# Visual Studio Version 17
VisualStudioVersion = 17.4.33110.190
MinimumVisualStudioVersion = 10.0.40219.1
Project("{FAE04EC0-301F-11D3-BF4B-00C04F79EFBC}") = "Kursovaya_3sem", "Kursovaya_3sem\Kursovaya_3sem.csproj", "{011BB0A7-B273-4F88-A718-FFB957C4188B}"
EndProject
Project("{FAE04EC0-301F-11D3-BF4B-00C04F79EFBC}") = "Kursovaya_GPI", "Kursovaya_GPI\Kursovaya_GPI.csproj", "{73DF2195-1AD4-4CAA-BF53-0A1B1DE50650}"
EndProject
Global
	GlobalSection(SolutionConfigurationPlatforms) = preSolution
		Debug|Any CPU = Debug|Any CPU
		Release|Any CPU = Release|Any CPU
	EndGlobalSection
	GlobalSection(ProjectConfigurationPlatforms) = postSolution
		{011BB0A7-B273-4F88-A718-FFB957C4188B}.Debug|Any CPU.ActiveCfg = Debug|Any CPU
		{011BB0A7-B273-4F88-A718-FFB957C4188B}.Debug|Any CPU.Build.0 = Debug|Any CPU
		{011BB0A7-B273-4F88-A718-FFB957C4188B}.Release|Any CPU.ActiveCfg = Release|Any CPU
		{011BB0A7-B273-4F88-A718-FFB957C4188B}.Release|Any CPU.Build.0 = Release|Any CPU
		{73DF2195-1AD4-4CAA-BF53-0A1B1DE50650}.Debug|Any CPU.ActiveCfg = Debug|Any CPU
		{73DF2195-1AD4-4CAA-BF53-0A1B1DE50650}.Debug|Any CPU.Build.0 = Debug|Any CPU
		{73DF2195-1AD4-4CAA-BF53-0A1B1DE50650}.Release|Any CPU.ActiveCfg = Release|Any CPU
		{73DF2195-1AD4-4CAA-BF53-0A1B1DE50650}.Release|Any CPU.Build.0 = Release|Any CPU
	EndGlobalSection
	GlobalSection(SolutionProperties) = preSolution
		HideSolutionNode = FALSE
	EndGlobalSection
	GlobalSection(ExtensibilityGlobals) = postSolution
		SolutionGuid = {53B69D41-A6F0-4997-8BDC-5EE62D7F463D}
	EndGlobalSection
EndGlobal
